
Microsoft Visual Studio Solution File, Format Version 12.00
# Visual Studio Version 17
VisualStudioVersion = 17.13.35818.85
MinimumVisualStudioVersion = 10.0.40219.1
Project("{FAE04EC0-301F-11D3-BF4B-00C04F79EFBC}") = "MediaPlayer.Api", "MediaPlayer.Api\MediaPlayer.Api.csproj", "{A7E49B92-6CE8-4886-B23F-DE36AC075078}"
EndProject
Project("{FAE04EC0-301F-11D3-BF4B-00C04F79EFBC}") = "MediaPlayer.Domain", "MediaPlayer.Domain\MediaPlayer.Domain.csproj", "{43CA3429-14DA-4585-BC26-86B08862097A}"
EndProject
Project("{FAE04EC0-301F-11D3-BF4B-00C04F79EFBC}") = "MediaPlayer.Application", "MediaPlayer.Application\MediaPlayer.Application.csproj", "{F58BAD34-E213-42BD-8019-48C639A20D81}"
EndProject
Project("{FAE04EC0-301F-11D3-BF4B-00C04F79EFBC}") = "MediaPlayer.Infrastructure", "MediaPlayer.Infrastructure\MediaPlayer.Infrastructure.csproj", "{55E743EF-07C2-40A5-B9B1-6E4D5167217F}"
EndProject
Global
	GlobalSection(SolutionConfigurationPlatforms) = preSolution
		Debug|Any CPU = Debug|Any CPU
		Release|Any CPU = Release|Any CPU
	EndGlobalSection
	GlobalSection(ProjectConfigurationPlatforms) = postSolution
		{A7E49B92-6CE8-4886-B23F-DE36AC075078}.Debug|Any CPU.ActiveCfg = Debug|Any CPU
		{A7E49B92-6CE8-4886-B23F-DE36AC075078}.Debug|Any CPU.Build.0 = Debug|Any CPU
		{A7E49B92-6CE8-4886-B23F-DE36AC075078}.Release|Any CPU.ActiveCfg = Release|Any CPU
		{A7E49B92-6CE8-4886-B23F-DE36AC075078}.Release|Any CPU.Build.0 = Release|Any CPU
		{43CA3429-14DA-4585-BC26-86B08862097A}.Debug|Any CPU.ActiveCfg = Debug|Any CPU
		{43CA3429-14DA-4585-BC26-86B08862097A}.Debug|Any CPU.Build.0 = Debug|Any CPU
		{43CA3429-14DA-4585-BC26-86B08862097A}.Release|Any CPU.ActiveCfg = Release|Any CPU
		{43CA3429-14DA-4585-BC26-86B08862097A}.Release|Any CPU.Build.0 = Release|Any CPU
		{F58BAD34-E213-42BD-8019-48C639A20D81}.Debug|Any CPU.ActiveCfg = Debug|Any CPU
		{F58BAD34-E213-42BD-8019-48C639A20D81}.Debug|Any CPU.Build.0 = Debug|Any CPU
		{F58BAD34-E213-42BD-8019-48C639A20D81}.Release|Any CPU.ActiveCfg = Release|Any CPU
		{F58BAD34-E213-42BD-8019-48C639A20D81}.Release|Any CPU.Build.0 = Release|Any CPU
		{55E743EF-07C2-40A5-B9B1-6E4D5167217F}.Debug|Any CPU.ActiveCfg = Debug|Any CPU
		{55E743EF-07C2-40A5-B9B1-6E4D5167217F}.Debug|Any CPU.Build.0 = Debug|Any CPU
		{55E743EF-07C2-40A5-B9B1-6E4D5167217F}.Release|Any CPU.ActiveCfg = Release|Any CPU
		{55E743EF-07C2-40A5-B9B1-6E4D5167217F}.Release|Any CPU.Build.0 = Release|Any CPU
	EndGlobalSection
	GlobalSection(SolutionProperties) = preSolution
		HideSolutionNode = FALSE
	EndGlobalSection
	GlobalSection(ExtensibilityGlobals) = postSolution
		SolutionGuid = {B909C7A5-C161-48A1-A694-B2500EAD12EF}
	EndGlobalSection
EndGlobal
